
Microsoft Visual Studio Solution File, Format Version 12.00
# Visual Studio Version 16
VisualStudioVersion = 16.0.31624.102
MinimumVisualStudioVersion = 10.0.40219.1
Project("{9A19103F-16F7-4668-BE54-9A1E7A4F7556}") = "Webapi", "Webapi\Webapi.csproj", "{78F414F0-DFDB-404E-9349-A224D7D7E78C}"
EndProject
Project("{FAE04EC0-301F-11D3-BF4B-00C04F79EFBC}") = "DataAccess", "DataAccess\DataAccess.csproj", "{9FA3F41E-B4EA-4DAC-BE72-60C23D3F1518}"
EndProject
Project("{FAE04EC0-301F-11D3-BF4B-00C04F79EFBC}") = "DataAccess.Contracts", "DataAccess.Contracts\DataAccess.Contracts.csproj", "{FF43CF9F-3CFB-4D46-A7EC-E17595EB2644}"
EndProject
Project("{FAE04EC0-301F-11D3-BF4B-00C04F79EFBC}") = "Business", "Business\Business.csproj", "{78F9C795-066C-4447-A83D-9C11AA381A9A}"
EndProject
Project("{FAE04EC0-301F-11D3-BF4B-00C04F79EFBC}") = "Business.Contracts", "Business.Contracts\Business.Contracts.csproj", "{DD73B16E-BCAA-4DA7-AB65-27DA90D6DFC9}"
EndProject
Project("{FAE04EC0-301F-11D3-BF4B-00C04F79EFBC}") = "Entities", "Entities\Entities.csproj", "{78C4A081-5AA0-4DF0-80A7-E032D649D391}"
EndProject
Global
	GlobalSection(SolutionConfigurationPlatforms) = preSolution
		Debug|Any CPU = Debug|Any CPU
		Release|Any CPU = Release|Any CPU
	EndGlobalSection
	GlobalSection(ProjectConfigurationPlatforms) = postSolution
		{78F414F0-DFDB-404E-9349-A224D7D7E78C}.Debug|Any CPU.ActiveCfg = Debug|Any CPU
		{78F414F0-DFDB-404E-9349-A224D7D7E78C}.Debug|Any CPU.Build.0 = Debug|Any CPU
		{78F414F0-DFDB-404E-9349-A224D7D7E78C}.Release|Any CPU.ActiveCfg = Release|Any CPU
		{78F414F0-DFDB-404E-9349-A224D7D7E78C}.Release|Any CPU.Build.0 = Release|Any CPU
		{9FA3F41E-B4EA-4DAC-BE72-60C23D3F1518}.Debug|Any CPU.ActiveCfg = Debug|Any CPU
		{9FA3F41E-B4EA-4DAC-BE72-60C23D3F1518}.Debug|Any CPU.Build.0 = Debug|Any CPU
		{9FA3F41E-B4EA-4DAC-BE72-60C23D3F1518}.Release|Any CPU.ActiveCfg = Release|Any CPU
		{9FA3F41E-B4EA-4DAC-BE72-60C23D3F1518}.Release|Any CPU.Build.0 = Release|Any CPU
		{FF43CF9F-3CFB-4D46-A7EC-E17595EB2644}.Debug|Any CPU.ActiveCfg = Debug|Any CPU
		{FF43CF9F-3CFB-4D46-A7EC-E17595EB2644}.Debug|Any CPU.Build.0 = Debug|Any CPU
		{FF43CF9F-3CFB-4D46-A7EC-E17595EB2644}.Release|Any CPU.ActiveCfg = Release|Any CPU
		{FF43CF9F-3CFB-4D46-A7EC-E17595EB2644}.Release|Any CPU.Build.0 = Release|Any CPU
		{78F9C795-066C-4447-A83D-9C11AA381A9A}.Debug|Any CPU.ActiveCfg = Debug|Any CPU
		{78F9C795-066C-4447-A83D-9C11AA381A9A}.Debug|Any CPU.Build.0 = Debug|Any CPU
		{78F9C795-066C-4447-A83D-9C11AA381A9A}.Release|Any CPU.ActiveCfg = Release|Any CPU
		{78F9C795-066C-4447-A83D-9C11AA381A9A}.Release|Any CPU.Build.0 = Release|Any CPU
		{DD73B16E-BCAA-4DA7-AB65-27DA90D6DFC9}.Debug|Any CPU.ActiveCfg = Debug|Any CPU
		{DD73B16E-BCAA-4DA7-AB65-27DA90D6DFC9}.Debug|Any CPU.Build.0 = Debug|Any CPU
		{DD73B16E-BCAA-4DA7-AB65-27DA90D6DFC9}.Release|Any CPU.ActiveCfg = Release|Any CPU
		{DD73B16E-BCAA-4DA7-AB65-27DA90D6DFC9}.Release|Any CPU.Build.0 = Release|Any CPU
		{78C4A081-5AA0-4DF0-80A7-E032D649D391}.Debug|Any CPU.ActiveCfg = Debug|Any CPU
		{78C4A081-5AA0-4DF0-80A7-E032D649D391}.Debug|Any CPU.Build.0 = Debug|Any CPU
		{78C4A081-5AA0-4DF0-80A7-E032D649D391}.Release|Any CPU.ActiveCfg = Release|Any CPU
		{78C4A081-5AA0-4DF0-80A7-E032D649D391}.Release|Any CPU.Build.0 = Release|Any CPU
	EndGlobalSection
	GlobalSection(SolutionProperties) = preSolution
		HideSolutionNode = FALSE
	EndGlobalSection
	GlobalSection(ExtensibilityGlobals) = postSolution
		SolutionGuid = {01E068A7-7361-416D-8DD1-6E17192F55C5}
	EndGlobalSection
EndGlobal
